
Microsoft Visual Studio Solution File, Format Version 12.00
# Visual Studio Version 16
VisualStudioVersion = 16.0.30523.141
MinimumVisualStudioVersion = 10.0.40219.1
Project("{FAE04EC0-301F-11D3-BF4B-00C04F79EFBC}") = "AireAcondicionadoBlazor", "AireAcondicionadoBlazor\AireAcondicionadoBlazor.csproj", "{57C50F5E-DD8A-45BD-BBB2-31EEA02BFC80}"
EndProject
Global
	GlobalSection(SolutionConfigurationPlatforms) = preSolution
		Debug|Any CPU = Debug|Any CPU
		Release|Any CPU = Release|Any CPU
	EndGlobalSection
	GlobalSection(ProjectConfigurationPlatforms) = postSolution
		{57C50F5E-DD8A-45BD-BBB2-31EEA02BFC80}.Debug|Any CPU.ActiveCfg = Debug|Any CPU
		{57C50F5E-DD8A-45BD-BBB2-31EEA02BFC80}.Debug|Any CPU.Build.0 = Debug|Any CPU
		{57C50F5E-DD8A-45BD-BBB2-31EEA02BFC80}.Release|Any CPU.ActiveCfg = Release|Any CPU
		{57C50F5E-DD8A-45BD-BBB2-31EEA02BFC80}.Release|Any CPU.Build.0 = Release|Any CPU
	EndGlobalSection
	GlobalSection(SolutionProperties) = preSolution
		HideSolutionNode = FALSE
	EndGlobalSection
	GlobalSection(ExtensibilityGlobals) = postSolution
		SolutionGuid = {03CB2CB1-E19F-420F-9574-8353DA1A18CA}
	EndGlobalSection
EndGlobal
